// !$*UTF8*$!
{
	archiveVersion = 1;
	classes = {
	};
	objectVersion = 46;
	objects = {

/* Begin PBXBuildFile section */
		2A81744A1CEEA5AD00D8364F /* 13-combatflow-1-application.m4v in Resources */ = {isa = PBXBuildFile; fileRef = 2A8174471CEEA5AD00D8364F /* 13-combatflow-1-application.m4v */; };
		2A81744B1CEEA5AD00D8364F /* 13-combatflow-1-graphicguide.m4v in Resources */ = {isa = PBXBuildFile; fileRef = 2A8174481CEEA5AD00D8364F /* 13-combatflow-1-graphicguide.m4v */; };
		2A81744C1CEEA5AD00D8364F /* 13-combatflow-1-teaching.m4v in Resources */ = {isa = PBXBuildFile; fileRef = 2A8174491CEEA5AD00D8364F /* 13-combatflow-1-teaching.m4v */; };
/* End PBXBuildFile section */

/* Begin PBXFileReference section */
		2A8173A51CEDDF6300D8364F /* combatflows.combatflow13 */ = {isa = PBXFileReference; explicitFileType = folder; includeInIndex = 0; path = combatflows.combatflow13; sourceTree = BUILT_PRODUCTS_DIR; };
		2A8173A81CEDDF6300D8364F /* ContentInfo.plist */ = {isa = PBXFileReference; lastKnownFileType = text.plist.xml; path = ContentInfo.plist; sourceTree = "<group>"; };
		2A8173AE1CEDDF7500D8364F /* 13-combatflow-1-application.m4v */ = {isa = PBXFileReference; lastKnownFileType = file; path = "13-combatflow-1-application.m4v"; sourceTree = "<group>"; };
		2A8173AF1CEDDF7500D8364F /* 13-combatflow-1-graphicguide.m4v */ = {isa = PBXFileReference; lastKnownFileType = file; path = "13-combatflow-1-graphicguide.m4v"; sourceTree = "<group>"; };
		2A8173B01CEDDF7500D8364F /* 13-combatflow-1-teaching.m4v */ = {isa = PBXFileReference; lastKnownFileType = file; path = "13-combatflow-1-teaching.m4v"; sourceTree = "<group>"; };
		2A8174471CEEA5AD00D8364F /* 13-combatflow-1-application.m4v */ = {isa = PBXFileReference; lastKnownFileType = file; name = "13-combatflow-1-application.m4v"; path = "bogus/13-combatflow-1-application.m4v"; sourceTree = "<group>"; };
		2A8174481CEEA5AD00D8364F /* 13-combatflow-1-graphicguide.m4v */ = {isa = PBXFileReference; lastKnownFileType = file; name = "13-combatflow-1-graphicguide.m4v"; path = "bogus/13-combatflow-1-graphicguide.m4v"; sourceTree = "<group>"; };
		2A8174491CEEA5AD00D8364F /* 13-combatflow-1-teaching.m4v */ = {isa = PBXFileReference; lastKnownFileType = file; name = "13-combatflow-1-teaching.m4v"; path = "bogus/13-combatflow-1-teaching.m4v"; sourceTree = "<group>"; };
/* End PBXFileReference section */

/* Begin PBXGroup section */
		2A81739E1CEDDF6300D8364F = {
			isa = PBXGroup;
			children = (
				2A8173A71CEDDF6300D8364F /* combatflows.combatflow13 */,
				2A8173A61CEDDF6300D8364F /* Products */,
			);
			sourceTree = "<group>";
		};
		2A8173A61CEDDF6300D8364F /* Products */ = {
			isa = PBXGroup;
			children = (
				2A8173A51CEDDF6300D8364F /* combatflows.combatflow13 */,
			);
			name = Products;
			sourceTree = "<group>";
		};
		2A8173A71CEDDF6300D8364F /* combatflows.combatflow13 */ = {
			isa = PBXGroup;
			children = (
				2A8174461CEEA59800D8364F /* bogus */,
				2A8173AE1CEDDF7500D8364F /* 13-combatflow-1-application.m4v */,
				2A8173AF1CEDDF7500D8364F /* 13-combatflow-1-graphicguide.m4v */,
				2A8173B01CEDDF7500D8364F /* 13-combatflow-1-teaching.m4v */,
				2A8173A81CEDDF6300D8364F /* ContentInfo.plist */,
			);
			path = combatflows.combatflow13;
			sourceTree = "<group>";
		};
		2A8174461CEEA59800D8364F /* bogus */ = {
			isa = PBXGroup;
			children = (
				2A8174471CEEA5AD00D8364F /* 13-combatflow-1-application.m4v */,
				2A8174481CEEA5AD00D8364F /* 13-combatflow-1-graphicguide.m4v */,
				2A8174491CEEA5AD00D8364F /* 13-combatflow-1-teaching.m4v */,
			);
			name = bogus;
			sourceTree = "<group>";
		};
/* End PBXGroup section */

/* Begin PBXNativeTarget section */
		2A8173A41CEDDF6300D8364F /* combatflows.combatflow13 */ = {
			isa = PBXNativeTarget;
			buildConfigurationList = 2A8173AB1CEDDF6300D8364F /* Build configuration list for PBXNativeTarget "combatflows.combatflow13" */;
			buildPhases = (
				2A8173A31CEDDF6300D8364F /* Resources */,
			);
			buildRules = (
			);
			dependencies = (
			);
			name = combatflows.combatflow13;
			productName = combatflows.combatflow13;
			productReference = 2A8173A51CEDDF6300D8364F /* combatflows.combatflow13 */;
			productType = "com.apple.product-type.in-app-purchase-content";
		};
/* End PBXNativeTarget section */

/* Begin PBXProject section */
		2A81739F1CEDDF6300D8364F /* Project object */ = {
			isa = PBXProject;
			attributes = {
				LastUpgradeCheck = 0730;
				ORGANIZATIONNAME = "Interactive Learning Solutions";
				TargetAttributes = {
					2A8173A41CEDDF6300D8364F = {
						CreatedOnToolsVersion = 7.3;
					};
				};
			};
			buildConfigurationList = 2A8173A21CEDDF6300D8364F /* Build configuration list for PBXProject "combatflows.combatflow13" */;
			compatibilityVersion = "Xcode 3.2";
			developmentRegion = English;
			hasScannedForEncodings = 0;
			knownRegions = (
				en,
			);
			mainGroup = 2A81739E1CEDDF6300D8364F;
			productRefGroup = 2A8173A61CEDDF6300D8364F /* Products */;
			projectDirPath = "";
			projectRoot = "";
			targets = (
				2A8173A41CEDDF6300D8364F /* combatflows.combatflow13 */,
			);
		};
/* End PBXProject section */

/* Begin PBXResourcesBuildPhase section */
		2A8173A31CEDDF6300D8364F /* Resources */ = {
			isa = PBXResourcesBuildPhase;
			buildActionMask = 2147483647;
			files = (
				2A81744B1CEEA5AD00D8364F /* 13-combatflow-1-graphicguide.m4v in Resources */,
				2A81744A1CEEA5AD00D8364F /* 13-combatflow-1-application.m4v in Resources */,
				2A81744C1CEEA5AD00D8364F /* 13-combatflow-1-teaching.m4v in Resources */,
			);
			runOnlyForDeploymentPostprocessing = 0;
		};
/* End PBXResourcesBuildPhase section */

/* Begin XCBuildConfiguration section */
		2A8173A91CEDDF6300D8364F /* Debug */ = {
			isa = XCBuildConfiguration;
			buildSettings = {
				ALWAYS_SEARCH_USER_PATHS = NO;
				CLANG_ANALYZER_NONNULL = YES;
				CLANG_CXX_LANGUAGE_STANDARD = "gnu++0x";
				CLANG_CXX_LIBRARY = "libc++";
				CLANG_ENABLE_MODULES = YES;
				CLANG_ENABLE_OBJC_ARC = YES;
				CLANG_WARN_BOOL_CONVERSION = YES;
				CLANG_WARN_CONSTANT_CONVERSION = YES;
				CLANG_WARN_DIRECT_OBJC_ISA_USAGE = YES_ERROR;
				CLANG_WARN_EMPTY_BODY = YES;
				CLANG_WARN_ENUM_CONVERSION = YES;
				CLANG_WARN_INT_CONVERSION = YES;
				CLANG_WARN_OBJC_ROOT_CLASS = YES_ERROR;
				CLANG_WARN_UNREACHABLE_CODE = YES;
				CLANG_WARN__DUPLICATE_METHOD_MATCH = YES;
				COPY_PHASE_STRIP = NO;
				DEBUG_INFORMATION_FORMAT = dwarf;
				ENABLE_STRICT_OBJC_MSGSEND = YES;
				ENABLE_TESTABILITY = YES;
				GCC_C_LANGUAGE_STANDARD = gnu99;
				GCC_DYNAMIC_NO_PIC = NO;
				GCC_NO_COMMON_BLOCKS = YES;
				GCC_OPTIMIZATION_LEVEL = 0;
				GCC_PREPROCESSOR_DEFINITIONS = (
					"DEBUG=1",
					"$(inherited)",
				);
				GCC_WARN_64_TO_32_BIT_CONVERSION = YES;
				GCC_WARN_ABOUT_RETURN_TYPE = YES_ERROR;
				GCC_WARN_UNDECLARED_SELECTOR = YES;
				GCC_WARN_UNINITIALIZED_AUTOS = YES_AGGRESSIVE;
				GCC_WARN_UNUSED_FUNCTION = YES;
				GCC_WARN_UNUSED_VARIABLE = YES;
				MTL_ENABLE_DEBUG_INFO = YES;
				ONLY_ACTIVE_ARCH = YES;
			};
			name = Debug;
		};
		2A8173AA1CEDDF6300D8364F /* Release */ = {
			isa = XCBuildConfiguration;
			buildSettings = {
				ALWAYS_SEARCH_USER_PATHS = NO;
				CLANG_ANALYZER_NONNULL = YES;
				CLANG_CXX_LANGUAGE_STANDARD = "gnu++0x";
				CLANG_CXX_LIBRARY = "libc++";
				CLANG_ENABLE_MODULES = YES;
				CLANG_ENABLE_OBJC_ARC = YES;
				CLANG_WARN_BOOL_CONVERSION = YES;
				CLANG_WARN_CONSTANT_CONVERSION = YES;
				CLANG_WARN_DIRECT_OBJC_ISA_USAGE = YES_ERROR;
				CLANG_WARN_EMPTY_BODY = YES;
				CLANG_WARN_ENUM_CONVERSION = YES;
				CLANG_WARN_INT_CONVERSION = YES;
				CLANG_WARN_OBJC_ROOT_CLASS = YES_ERROR;
				CLANG_WARN_UNREACHABLE_CODE = YES;
				CLANG_WARN__DUPLICATE_METHOD_MATCH = YES;
				COPY_PHASE_STRIP = NO;
				DEBUG_INFORMATION_FORMAT = "dwarf-with-dsym";
				ENABLE_NS_ASSERTIONS = NO;
				ENABLE_STRICT_OBJC_MSGSEND = YES;
				GCC_C_LANGUAGE_STANDARD = gnu99;
				GCC_NO_COMMON_BLOCKS = YES;
				GCC_WARN_64_TO_32_BIT_CONVERSION = YES;
				GCC_WARN_ABOUT_RETURN_TYPE = YES_ERROR;
				GCC_WARN_UNDECLARED_SELECTOR = YES;
				GCC_WARN_UNINITIALIZED_AUTOS = YES_AGGRESSIVE;
				GCC_WARN_UNUSED_FUNCTION = YES;
				GCC_WARN_UNUSED_VARIABLE = YES;
				MTL_ENABLE_DEBUG_INFO = NO;
			};
			name = Release;
		};
		2A8173AC1CEDDF6300D8364F /* Debug */ = {
			isa = XCBuildConfiguration;
			buildSettings = {
				INFOPLIST_FILE = combatflows.combatflow13/ContentInfo.plist;
				INSTALL_PATH = "$(LOCAL_LIBRARY_DIR)/InAppPurchaseContent";
				PRODUCT_NAME = "$(TARGET_NAME)";
				WRAPPER_EXTENSION = "";
			};
			name = Debug;
		};
		2A8173AD1CEDDF6300D8364F /* Release */ = {
			isa = XCBuildConfiguration;
			buildSettings = {
				INFOPLIST_FILE = combatflows.combatflow13/ContentInfo.plist;
				INSTALL_PATH = "$(LOCAL_LIBRARY_DIR)/InAppPurchaseContent";
				PRODUCT_NAME = "$(TARGET_NAME)";
				WRAPPER_EXTENSION = "";
			};
			name = Release;
		};
/* End XCBuildConfiguration section */

/* Begin XCConfigurationList section */
		2A8173A21CEDDF6300D8364F /* Build configuration list for PBXProject "combatflows.combatflow13" */ = {
			isa = XCConfigurationList;
			buildConfigurations = (
				2A8173A91CEDDF6300D8364F /* Debug */,
				2A8173AA1CEDDF6300D8364F /* Release */,
			);
			defaultConfigurationIsVisible = 0;
			defaultConfigurationName = Release;
		};
		2A8173AB1CEDDF6300D8364F /* Build configuration list for PBXNativeTarget "combatflows.combatflow13" */ = {
			isa = XCConfigurationList;
			buildConfigurations = (
				2A8173AC1CEDDF6300D8364F /* Debug */,
				2A8173AD1CEDDF6300D8364F /* Release */,
			);
			defaultConfigurationIsVisible = 0;
			defaultConfigurationName = Release;
		};
/* End XCConfigurationList section */
	};
	rootObject = 2A81739F1CEDDF6300D8364F /* Project object */;
}
